{
  "name": "soukai-solid-data-modules",
  "version": "0.1.4",
  "lockfileVersion": 3,
  "requires": true,
  "packages": {
    "": {
      "name": "soukai-solid-data-modules",
      "version": "0.1.4",
      "license": "MIT",
      "dependencies": {
        "soukai": "0.5.1-next.6ceeddd517fac8fd180856fb3867cc33c1fa1b0b",
        "soukai-solid": "0.5.1-next.17ce9fccdbfa3d99bd1718e9aaf169cea189ee8a",
        "uuid": "^9.0.1"
      },
      "devDependencies": {
        "@types/node": "^18.13.0",
        "@types/uuid": "^9.0.6",
        "typescript": "^4.9.5"
      }
    },
    "node_modules/@babel/runtime": {
      "version": "7.23.2",
      "resolved": "https://registry.npmjs.org/@babel/runtime/-/runtime-7.23.2.tgz",
      "integrity": "sha512-mM8eg4yl5D6i3lu2QKPuPH4FArvJ8KhTofbE7jwMUv9KX5mBvwPAqnV3MlyBNqdp9RyRKP6Yck8TrfYrPvX3bg==",
      "dependencies": {
        "regenerator-runtime": "^0.14.0"
      },
      "engines": {
        "node": ">=6.9.0"
      }
    },
    "node_modules/@digitalbazaar/http-client": {
      "version": "1.2.0",
      "resolved": "https://registry.npmjs.org/@digitalbazaar/http-client/-/http-client-1.2.0.tgz",
      "integrity": "sha512-W9KQQ5pUJcaR0I4c2HPJC0a7kRbZApIorZgPnEDwMBgj16iQzutGLrCXYaZOmxqVLVNqqlQ4aUJh+HBQZy4W6Q==",
      "dependencies": {
        "esm": "^3.2.22",
        "ky": "^0.25.1",
        "ky-universal": "^0.8.2"
      },
      "engines": {
        "node": ">=10.0.0"
      }
    },
    "node_modules/@jest/types": {
      "version": "26.6.2",
      "resolved": "https://registry.npmjs.org/@jest/types/-/types-26.6.2.tgz",
      "integrity": "sha512-fC6QCp7Sc5sX6g8Tvbmj4XUTbyrik0akgRy03yjXbQaBWWNWGE7SGtJk98m0N8nzegD/7SggrUlivxo5ax4KWQ==",
      "dependencies": {
        "@types/istanbul-lib-coverage": "^2.0.0",
        "@types/istanbul-reports": "^3.0.0",
        "@types/node": "*",
        "@types/yargs": "^15.0.0",
        "chalk": "^4.0.0"
      },
      "engines": {
        "node": ">= 10.14.2"
      }
    },
    "node_modules/@noeldemartin/faker": {
      "version": "7.6.0",
      "resolved": "https://registry.npmjs.org/@noeldemartin/faker/-/faker-7.6.0.tgz",
      "integrity": "sha512-OB0CeTgLM3wN3a66qHD97NsVCLKCmgilYbGl+ZzpTjavtmciL5kTQm7HKVHzfarH0s4D5fIK2OM4arRP8Nu8fw==",
      "engines": {
        "node": ">=14.0.0",
        "npm": ">=6.0.0"
      }
    },
    "node_modules/@noeldemartin/solid-utils": {
      "version": "0.3.0",
      "resolved": "https://registry.npmjs.org/@noeldemartin/solid-utils/-/solid-utils-0.3.0.tgz",
      "integrity": "sha512-k04m7He3/RD8zZAina9tQoguvY07yY9tRY7FmgyoBw/jw+hlWI/xCIeoaHYajDWAFc5A59HFrs1qGuYQO/Tp7w==",
      "dependencies": {
        "@babel/runtime": "^7.14.0",
        "@noeldemartin/faker": "^7.6.0",
        "@noeldemartin/solid-utils-external": "^0.1.1",
        "@noeldemartin/utils": "^0.4.0",
        "@types/rdf-js": "^4.0.1",
        "core-js": "^3.12.1",
        "jest-diff": "^26.6.2",
        "md5": "^2.3.0"
      },
      "engines": {
        "node": ">=14.x"
      }
    },
    "node_modules/@noeldemartin/solid-utils-external": {
      "version": "0.1.1",
      "resolved": "https://registry.npmjs.org/@noeldemartin/solid-utils-external/-/solid-utils-external-0.1.1.tgz",
      "integrity": "sha512-5T3L2OhJTdx7RJsX7EyW+m1ok10xTf0AOYNE/h8UaF3l4165rBwxhSXD0rBLgGUXCga3UurRmP99o8x9TWaKqQ==",
      "dependencies": {
        "@types/jsonld": "^1.5.8",
        "@types/n3": "^1.10.4",
        "jsonld": "^5.2.0",
        "n3": "^1.10.0"
      },
      "engines": {
        "node": ">=14.x"
      }
    },
    "node_modules/@noeldemartin/utils": {
      "version": "0.4.0",
      "resolved": "https://registry.npmjs.org/@noeldemartin/utils/-/utils-0.4.0.tgz",
      "integrity": "sha512-CG7EX+ssvTMlm8uhsKGidmLm3uiksQfLoQUN8X9TFsZNWVlei2PIEhS3fm1YGQjzw1pvwvqRKnedfLBjsrWSEg==",
      "dependencies": {
        "@babel/runtime": "^7.12.18",
        "core-js": "^3.9.0"
      },
      "engines": {
        "node": ">=14.x"
      }
    },
    "node_modules/@rdfjs/types": {
      "version": "1.1.0",
      "resolved": "https://registry.npmjs.org/@rdfjs/types/-/types-1.1.0.tgz",
      "integrity": "sha512-5zm8bN2/CC634dTcn/0AhTRLaQRjXDZs3QfcAsQKNturHT7XVWcKy/8p3P5gXl+YkZTAmy7T5M/LyiT/jbkENw==",
      "dependencies": {
        "@types/node": "*"
      }
    },
    "node_modules/@types/istanbul-lib-coverage": {
      "version": "2.0.5",
      "resolved": "https://registry.npmjs.org/@types/istanbul-lib-coverage/-/istanbul-lib-coverage-2.0.5.tgz",
      "integrity": "sha512-zONci81DZYCZjiLe0r6equvZut0b+dBRPBN5kBDjsONnutYNtJMoWQ9uR2RkL1gLG9NMTzvf+29e5RFfPbeKhQ=="
    },
    "node_modules/@types/istanbul-lib-report": {
      "version": "3.0.2",
      "resolved": "https://registry.npmjs.org/@types/istanbul-lib-report/-/istanbul-lib-report-3.0.2.tgz",
      "integrity": "sha512-8toY6FgdltSdONav1XtUHl4LN1yTmLza+EuDazb/fEmRNCwjyqNVIQWs2IfC74IqjHkREs/nQ2FWq5kZU9IC0w==",
      "dependencies": {
        "@types/istanbul-lib-coverage": "*"
      }
    },
    "node_modules/@types/istanbul-reports": {
      "version": "3.0.3",
      "resolved": "https://registry.npmjs.org/@types/istanbul-reports/-/istanbul-reports-3.0.3.tgz",
      "integrity": "sha512-1nESsePMBlf0RPRffLZi5ujYh7IH1BWL4y9pr+Bn3cJBdxz+RTP8bUFljLz9HvzhhOSWKdyBZ4DIivdL6rvgZg==",
      "dependencies": {
        "@types/istanbul-lib-report": "*"
      }
    },
    "node_modules/@types/jsonld": {
      "version": "1.5.11",
      "resolved": "https://registry.npmjs.org/@types/jsonld/-/jsonld-1.5.11.tgz",
      "integrity": "sha512-/B5yjthc6MEJMR4+TUtaj5LgE3bByVSNIXvPcUxiecj5F7GZKQJS5oery5rbOni7T9QBpjDF0RufCcVVlCe4hw=="
    },
    "node_modules/@types/n3": {
      "version": "1.16.3",
      "resolved": "https://registry.npmjs.org/@types/n3/-/n3-1.16.3.tgz",
      "integrity": "sha512-6PDn2/tUtveGQONiFJDOpl2Aa/YnmwQhdQ8SznUJVFmjI/NEBBdNhnkmYeEFmvOQbhbIeGR+SfmTk71TdqJ5mg==",
      "dependencies": {
        "@rdfjs/types": "^1.1.0",
        "@types/node": "*"
      }
    },
    "node_modules/@types/node": {
      "version": "18.18.8",
      "resolved": "https://registry.npmjs.org/@types/node/-/node-18.18.8.tgz",
      "integrity": "sha512-OLGBaaK5V3VRBS1bAkMVP2/W9B+H8meUfl866OrMNQqt7wDgdpWPp5o6gmIc9pB+lIQHSq4ZL8ypeH1vPxcPaQ==",
      "dependencies": {
        "undici-types": "~5.26.4"
      }
    },
    "node_modules/@types/rdf-js": {
      "version": "4.0.2",
      "resolved": "https://registry.npmjs.org/@types/rdf-js/-/rdf-js-4.0.2.tgz",
      "integrity": "sha512-soR/+RMogGiDU1lrpuQl5ZL55/L1eq/JlR2dWx052Uh/RYs9okh3XZHFlIJXHZqjqyjEn4WdbOMfBj7vvc2WVQ==",
      "deprecated": "This is a stub types definition. rdf-js provides its own type definitions, so you do not need this installed.",
      "dependencies": {
        "rdf-js": "*"
      }
    },
    "node_modules/@types/uuid": {
      "version": "9.0.6",
      "resolved": "https://registry.npmjs.org/@types/uuid/-/uuid-9.0.6.tgz",
      "integrity": "sha512-BT2Krtx4xaO6iwzwMFUYvWBWkV2pr37zD68Vmp1CDV196MzczBRxuEpD6Pr395HAgebC/co7hOphs53r8V7jew==",
      "dev": true
    },
    "node_modules/@types/webpack-env": {
      "version": "1.18.3",
      "resolved": "https://registry.npmjs.org/@types/webpack-env/-/webpack-env-1.18.3.tgz",
      "integrity": "sha512-v4CH6FLBCftYGFAswDhzFLjKgucXsOkIf5Mzl8ZZhEtC6oye9whFInNPKszNB9AvX7JEZMtpXxWctih6addP+Q=="
    },
    "node_modules/@types/yargs": {
      "version": "15.0.17",
      "resolved": "https://registry.npmjs.org/@types/yargs/-/yargs-15.0.17.tgz",
      "integrity": "sha512-cj53I8GUcWJIgWVTSVe2L7NJAB5XWGdsoMosVvUgv1jEnMbAcsbaCzt1coUcyi8Sda5PgTWAooG8jNyDTD+CWA==",
      "dependencies": {
        "@types/yargs-parser": "*"
      }
    },
    "node_modules/@types/yargs-parser": {
      "version": "21.0.2",
      "resolved": "https://registry.npmjs.org/@types/yargs-parser/-/yargs-parser-21.0.2.tgz",
      "integrity": "sha512-5qcvofLPbfjmBfKaLfj/+f+Sbd6pN4zl7w7VSVI5uz7m9QZTuB2aZAa2uo1wHFBNN2x6g/SoTkXmd8mQnQF2Cw=="
    },
    "node_modules/abort-controller": {
      "version": "3.0.0",
      "resolved": "https://registry.npmjs.org/abort-controller/-/abort-controller-3.0.0.tgz",
      "integrity": "sha512-h8lQ8tacZYnR3vNQTgibj+tODHI5/+l06Au2Pcriv/Gmet0eaj4TwWH41sO9wnHDiQsEj19q0drzdWdeAHtweg==",
      "dependencies": {
        "event-target-shim": "^5.0.0"
      },
      "engines": {
        "node": ">=6.5"
      }
    },
    "node_modules/ansi-regex": {
      "version": "5.0.1",
      "resolved": "https://registry.npmjs.org/ansi-regex/-/ansi-regex-5.0.1.tgz",
      "integrity": "sha512-quJQXlTSUGL2LH9SUXo8VwsY4soanhgo6LNSm84E1LBcE8s3O0wpdiRzyR9z/ZZJMlMWv37qOOb9pdJlMUEKFQ==",
      "engines": {
        "node": ">=8"
      }
    },
    "node_modules/ansi-styles": {
      "version": "4.3.0",
      "resolved": "https://registry.npmjs.org/ansi-styles/-/ansi-styles-4.3.0.tgz",
      "integrity": "sha512-zbB9rCJAT1rbjiVDb2hqKFHNYLxgtk8NURxZ3IZwD3F6NtxbXZQCnnSi1Lkx+IDohdPlFp222wVALIheZJQSEg==",
      "dependencies": {
        "color-convert": "^2.0.1"
      },
      "engines": {
        "node": ">=8"
      },
      "funding": {
        "url": "https://github.com/chalk/ansi-styles?sponsor=1"
      }
    },
    "node_modules/base64-js": {
      "version": "1.5.1",
      "resolved": "https://registry.npmjs.org/base64-js/-/base64-js-1.5.1.tgz",
      "integrity": "sha512-AKpaYlHn8t4SVbOHCy+b5+KKgvR4vrsD8vbvrbiQJps7fKDTkjkDry6ji0rUJjC0kzbNePLwzxq8iypo41qeWA==",
      "funding": [
        {
          "type": "github",
          "url": "https://github.com/sponsors/feross"
        },
        {
          "type": "patreon",
          "url": "https://www.patreon.com/feross"
        },
        {
          "type": "consulting",
          "url": "https://feross.org/support"
        }
      ]
    },
    "node_modules/buffer": {
      "version": "6.0.3",
      "resolved": "https://registry.npmjs.org/buffer/-/buffer-6.0.3.tgz",
      "integrity": "sha512-FTiCpNxtwiZZHEZbcbTIcZjERVICn9yq/pDFkTl95/AxzD1naBctN7YO68riM/gLSDY7sdrMby8hofADYuuqOA==",
      "funding": [
        {
          "type": "github",
          "url": "https://github.com/sponsors/feross"
        },
        {
          "type": "patreon",
          "url": "https://www.patreon.com/feross"
        },
        {
          "type": "consulting",
          "url": "https://feross.org/support"
        }
      ],
      "dependencies": {
        "base64-js": "^1.3.1",
        "ieee754": "^1.2.1"
      }
    },
    "node_modules/canonicalize": {
      "version": "1.0.8",
      "resolved": "https://registry.npmjs.org/canonicalize/-/canonicalize-1.0.8.tgz",
      "integrity": "sha512-0CNTVCLZggSh7bc5VkX5WWPWO+cyZbNd07IHIsSXLia/eAq+r836hgk+8BKoEh7949Mda87VUOitx5OddVj64A=="
    },
    "node_modules/chalk": {
      "version": "4.1.2",
      "resolved": "https://registry.npmjs.org/chalk/-/chalk-4.1.2.tgz",
      "integrity": "sha512-oKnbhFyRIXpUuez8iBMmyEa4nbj4IOQyuhc/wy9kY7/WVPcwIO9VA668Pu8RkO7+0G76SLROeyw9CpQ061i4mA==",
      "dependencies": {
        "ansi-styles": "^4.1.0",
        "supports-color": "^7.1.0"
      },
      "engines": {
        "node": ">=10"
      },
      "funding": {
        "url": "https://github.com/chalk/chalk?sponsor=1"
      }
    },
    "node_modules/charenc": {
      "version": "0.0.2",
      "resolved": "https://registry.npmjs.org/charenc/-/charenc-0.0.2.tgz",
      "integrity": "sha512-yrLQ/yVUFXkzg7EDQsPieE/53+0RlaWTs+wBrvW36cyilJ2SaDWfl4Yj7MtLTXleV9uEKefbAGUPv2/iWSooRA==",
      "engines": {
        "node": "*"
      }
    },
    "node_modules/color-convert": {
      "version": "2.0.1",
      "resolved": "https://registry.npmjs.org/color-convert/-/color-convert-2.0.1.tgz",
      "integrity": "sha512-RRECPsj7iu/xb5oKYcsFHSppFNnsj/52OVTRKb4zP5onXwVF3zVmmToNcOfGC+CRDpfK/U584fMg38ZHCaElKQ==",
      "dependencies": {
        "color-name": "~1.1.4"
      },
      "engines": {
        "node": ">=7.0.0"
      }
    },
    "node_modules/color-name": {
      "version": "1.1.4",
      "resolved": "https://registry.npmjs.org/color-name/-/color-name-1.1.4.tgz",
      "integrity": "sha512-dOy+3AuW3a2wNbZHIuMZpTcgjGuLU/uBL/ubcZF9OXbDo8ff4O8yVp5Bf0efS8uEoYo5q4Fx7dY9OgQGXgAsQA=="
    },
    "node_modules/core-js": {
      "version": "3.33.2",
      "resolved": "https://registry.npmjs.org/core-js/-/core-js-3.33.2.tgz",
      "integrity": "sha512-XeBzWI6QL3nJQiHmdzbAOiMYqjrb7hwU7A39Qhvd/POSa/t9E1AeZyEZx3fNvp/vtM8zXwhoL0FsiS0hD0pruQ==",
      "hasInstallScript": true,
      "funding": {
        "type": "opencollective",
        "url": "https://opencollective.com/core-js"
      }
    },
    "node_modules/crypt": {
      "version": "0.0.2",
      "resolved": "https://registry.npmjs.org/crypt/-/crypt-0.0.2.tgz",
      "integrity": "sha512-mCxBlsHFYh9C+HVpiEacem8FEBnMXgU9gy4zmNC+SXAZNB/1idgp/aulFJ4FgCi7GPEVbfyng092GqL2k2rmow==",
      "engines": {
        "node": "*"
      }
    },
    "node_modules/data-uri-to-buffer": {
      "version": "3.0.1",
      "resolved": "https://registry.npmjs.org/data-uri-to-buffer/-/data-uri-to-buffer-3.0.1.tgz",
      "integrity": "sha512-WboRycPNsVw3B3TL559F7kuBUM4d8CgMEvk6xEJlOp7OBPjt6G7z8WMWlD2rOFZLk6OYfFIUGsCOWzcQH9K2og==",
      "engines": {
        "node": ">= 6"
      }
    },
    "node_modules/diff-sequences": {
      "version": "26.6.2",
      "resolved": "https://registry.npmjs.org/diff-sequences/-/diff-sequences-26.6.2.tgz",
      "integrity": "sha512-Mv/TDa3nZ9sbc5soK+OoA74BsS3mL37yixCvUAQkiuA4Wz6YtwP/K47n2rv2ovzHZvoiQeA5FTQOschKkEwB0Q==",
      "engines": {
        "node": ">= 10.14.2"
      }
    },
    "node_modules/esm": {
      "version": "3.2.25",
      "resolved": "https://registry.npmjs.org/esm/-/esm-3.2.25.tgz",
      "integrity": "sha512-U1suiZ2oDVWv4zPO56S0NcR5QriEahGtdN2OR6FiOG4WJvcjBVFB0qI4+eKoWFH483PKGuLuu6V8Z4T5g63UVA==",
      "engines": {
        "node": ">=6"
      }
    },
    "node_modules/event-target-shim": {
      "version": "5.0.1",
      "resolved": "https://registry.npmjs.org/event-target-shim/-/event-target-shim-5.0.1.tgz",
      "integrity": "sha512-i/2XbnSz/uxRCU6+NdVJgKWDTM427+MqYbkQzD321DuCQJUqOuJKIA0IM2+W2xtYHdKOmZ4dR6fExsd4SXL+WQ==",
      "engines": {
        "node": ">=6"
      }
    },
    "node_modules/events": {
      "version": "3.3.0",
      "resolved": "https://registry.npmjs.org/events/-/events-3.3.0.tgz",
      "integrity": "sha512-mQw+2fkQbALzQ7V0MY0IqdnXNOeTtP4r0lN9z7AAawCXgqea7bDii20AYrIBrFd/Hx0M2Ocz6S111CaFkUcb0Q==",
      "engines": {
        "node": ">=0.8.x"
      }
    },
    "node_modules/fetch-blob": {
      "version": "2.1.2",
      "resolved": "https://registry.npmjs.org/fetch-blob/-/fetch-blob-2.1.2.tgz",
      "integrity": "sha512-YKqtUDwqLyfyMnmbw8XD6Q8j9i/HggKtPEI+pZ1+8bvheBu78biSmNaXWusx1TauGqtUUGx/cBb1mKdq2rLYow==",
      "engines": {
        "node": "^10.17.0 || >=12.3.0"
      },
      "peerDependenciesMeta": {
        "domexception": {
          "optional": true
        }
      }
    },
    "node_modules/has-flag": {
      "version": "4.0.0",
      "resolved": "https://registry.npmjs.org/has-flag/-/has-flag-4.0.0.tgz",
      "integrity": "sha512-EykJT/Q1KjTWctppgIAgfSO0tKVuZUjhgMr17kqTumMl6Afv3EISleU7qZUzoXDFTAHTDC4NOoG/ZxU3EvlMPQ==",
      "engines": {
        "node": ">=8"
      }
    },
    "node_modules/idb": {
      "version": "5.0.8",
      "resolved": "https://registry.npmjs.org/idb/-/idb-5.0.8.tgz",
      "integrity": "sha512-K9xInRkVbT3ZsYimD2KVj6B4E93IBvOjEQTryu99WuuN7G+7x3SzA79+yubbX0QRN9V64Gi+L+ulG5QYTVydOg=="
    },
    "node_modules/ieee754": {
      "version": "1.2.1",
      "resolved": "https://registry.npmjs.org/ieee754/-/ieee754-1.2.1.tgz",
      "integrity": "sha512-dcyqhDvX1C46lXZcVqCpK+FtMRQVdIMN6/Df5js2zouUsqG7I6sFxitIC+7KYK29KdXOLHdu9zL4sFnoVQnqaA==",
      "funding": [
        {
          "type": "github",
          "url": "https://github.com/sponsors/feross"
        },
        {
          "type": "patreon",
          "url": "https://www.patreon.com/feross"
        },
        {
          "type": "consulting",
          "url": "https://feross.org/support"
        }
      ]
    },
    "node_modules/is-buffer": {
      "version": "1.1.6",
      "resolved": "https://registry.npmjs.org/is-buffer/-/is-buffer-1.1.6.tgz",
      "integrity": "sha512-NcdALwpXkTm5Zvvbk7owOUSvVvBKDgKP5/ewfXEznmQFfs4ZRmanOeKBTjRVjka3QFoN6XJ+9F3USqfHqTaU5w=="
    },
    "node_modules/jest-diff": {
      "version": "26.6.2",
      "resolved": "https://registry.npmjs.org/jest-diff/-/jest-diff-26.6.2.tgz",
      "integrity": "sha512-6m+9Z3Gv9wN0WFVasqjCL/06+EFCMTqDEUl/b87HYK2rAPTyfz4ZIuSlPhY51PIQRWx5TaxeF1qmXKe9gfN3sA==",
      "dependencies": {
        "chalk": "^4.0.0",
        "diff-sequences": "^26.6.2",
        "jest-get-type": "^26.3.0",
        "pretty-format": "^26.6.2"
      },
      "engines": {
        "node": ">= 10.14.2"
      }
    },
    "node_modules/jest-get-type": {
      "version": "26.3.0",
      "resolved": "https://registry.npmjs.org/jest-get-type/-/jest-get-type-26.3.0.tgz",
      "integrity": "sha512-TpfaviN1R2pQWkIihlfEanwOXK0zcxrKEE4MlU6Tn7keoXdN6/3gK/xl0yEh8DOunn5pOVGKf8hB4R9gVh04ig==",
      "engines": {
        "node": ">= 10.14.2"
      }
    },
    "node_modules/jsonld": {
      "version": "5.2.0",
      "resolved": "https://registry.npmjs.org/jsonld/-/jsonld-5.2.0.tgz",
      "integrity": "sha512-JymgT6Xzk5CHEmHuEyvoTNviEPxv6ihLWSPu1gFdtjSAyM6cFqNrv02yS/SIur3BBIkCf0HjizRc24d8/FfQKw==",
      "dependencies": {
        "@digitalbazaar/http-client": "^1.1.0",
        "canonicalize": "^1.0.1",
        "lru-cache": "^6.0.0",
        "rdf-canonize": "^3.0.0"
      },
      "engines": {
        "node": ">=12"
      }
    },
    "node_modules/ky": {
      "version": "0.25.1",
      "resolved": "https://registry.npmjs.org/ky/-/ky-0.25.1.tgz",
      "integrity": "sha512-PjpCEWlIU7VpiMVrTwssahkYXX1by6NCT0fhTUX34F3DTinARlgMpriuroolugFPcMgpPWrOW4mTb984Qm1RXA==",
      "engines": {
        "node": ">=10"
      },
      "funding": {
        "url": "https://github.com/sindresorhus/ky?sponsor=1"
      }
    },
    "node_modules/ky-universal": {
      "version": "0.8.2",
      "resolved": "https://registry.npmjs.org/ky-universal/-/ky-universal-0.8.2.tgz",
      "integrity": "sha512-xe0JaOH9QeYxdyGLnzUOVGK4Z6FGvDVzcXFTdrYA1f33MZdEa45sUDaMBy98xQMcsd2XIBrTXRrRYnegcSdgVQ==",
      "dependencies": {
        "abort-controller": "^3.0.0",
        "node-fetch": "3.0.0-beta.9"
      },
      "engines": {
        "node": ">=10.17"
      },
      "funding": {
        "url": "https://github.com/sindresorhus/ky-universal?sponsor=1"
      },
      "peerDependencies": {
        "ky": ">=0.17.0",
        "web-streams-polyfill": ">=2.0.0"
      },
      "peerDependenciesMeta": {
        "web-streams-polyfill": {
          "optional": true
        }
      }
    },
    "node_modules/lru-cache": {
      "version": "6.0.0",
      "resolved": "https://registry.npmjs.org/lru-cache/-/lru-cache-6.0.0.tgz",
      "integrity": "sha512-Jo6dJ04CmSjuznwJSS3pUeWmd/H0ffTlkXXgwZi+eq1UCmqQwCh+eLsYOYCwY991i2Fah4h1BEMCx4qThGbsiA==",
      "dependencies": {
        "yallist": "^4.0.0"
      },
      "engines": {
        "node": ">=10"
      }
    },
    "node_modules/md5": {
      "version": "2.3.0",
      "resolved": "https://registry.npmjs.org/md5/-/md5-2.3.0.tgz",
      "integrity": "sha512-T1GITYmFaKuO91vxyoQMFETst+O71VUPEU3ze5GNzDm0OWdP8v1ziTaAEPUr/3kLsY3Sftgz242A1SetQiDL7g==",
      "dependencies": {
        "charenc": "0.0.2",
        "crypt": "0.0.2",
        "is-buffer": "~1.1.6"
      }
    },
    "node_modules/n3": {
      "version": "1.17.2",
      "resolved": "https://registry.npmjs.org/n3/-/n3-1.17.2.tgz",
      "integrity": "sha512-BxSM52wYFqXrbQQT5WUEzKUn6qpYV+2L4XZLfn3Gblz2kwZ09S+QxC33WNdVEQy2djenFL8SNkrjejEKlvI6+Q==",
      "dependencies": {
        "queue-microtask": "^1.1.2",
        "readable-stream": "^4.0.0"
      },
      "engines": {
        "node": ">=12.0"
      }
    },
    "node_modules/node-fetch": {
      "version": "3.0.0-beta.9",
      "resolved": "https://registry.npmjs.org/node-fetch/-/node-fetch-3.0.0-beta.9.tgz",
      "integrity": "sha512-RdbZCEynH2tH46+tj0ua9caUHVWrd/RHnRfvly2EVdqGmI3ndS1Vn/xjm5KuGejDt2RNDQsVRLPNd2QPwcewVg==",
      "dependencies": {
        "data-uri-to-buffer": "^3.0.1",
        "fetch-blob": "^2.1.1"
      },
      "engines": {
        "node": "^10.17 || >=12.3"
      },
      "funding": {
        "type": "opencollective",
        "url": "https://opencollective.com/node-fetch"
      }
    },
    "node_modules/pretty-format": {
      "version": "26.6.2",
      "resolved": "https://registry.npmjs.org/pretty-format/-/pretty-format-26.6.2.tgz",
      "integrity": "sha512-7AeGuCYNGmycyQbCqd/3PWH4eOoX/OiCa0uphp57NVTeAGdJGaAliecxwBDHYQCIvrW7aDBZCYeNTP/WX69mkg==",
      "dependencies": {
        "@jest/types": "^26.6.2",
        "ansi-regex": "^5.0.0",
        "ansi-styles": "^4.0.0",
        "react-is": "^17.0.1"
      },
      "engines": {
        "node": ">= 10"
      }
    },
    "node_modules/process": {
      "version": "0.11.10",
      "resolved": "https://registry.npmjs.org/process/-/process-0.11.10.tgz",
      "integrity": "sha512-cdGef/drWFoydD1JsMzuFf8100nZl+GT+yacc2bEced5f9Rjk4z+WtFUTBu9PhOi9j/jfmBPu0mMEY4wIdAF8A==",
      "engines": {
        "node": ">= 0.6.0"
      }
    },
    "node_modules/queue-microtask": {
      "version": "1.2.3",
      "resolved": "https://registry.npmjs.org/queue-microtask/-/queue-microtask-1.2.3.tgz",
      "integrity": "sha512-NuaNSa6flKT5JaSYQzJok04JzTL1CA6aGhv5rfLW3PgqA+M2ChpZQnAC8h8i4ZFkBS8X5RqkDBHA7r4hej3K9A==",
      "funding": [
        {
          "type": "github",
          "url": "https://github.com/sponsors/feross"
        },
        {
          "type": "patreon",
          "url": "https://www.patreon.com/feross"
        },
        {
          "type": "consulting",
          "url": "https://feross.org/support"
        }
      ]
    },
    "node_modules/rdf-canonize": {
      "version": "3.4.0",
      "resolved": "https://registry.npmjs.org/rdf-canonize/-/rdf-canonize-3.4.0.tgz",
      "integrity": "sha512-fUeWjrkOO0t1rg7B2fdyDTvngj+9RlUyL92vOdiB7c0FPguWVsniIMjEtHH+meLBO9rzkUlUzBVXgWrjI8P9LA==",
      "dependencies": {
        "setimmediate": "^1.0.5"
      },
      "engines": {
        "node": ">=12"
      }
    },
    "node_modules/rdf-js": {
      "version": "4.0.2",
      "resolved": "https://registry.npmjs.org/rdf-js/-/rdf-js-4.0.2.tgz",
      "integrity": "sha512-ApvlFa/WsQh8LpPK/6hctQwG06Z9ztQQGWVtrcrf9L6+sejHNXLPOqL+w7q3hF+iL0C4sv3AX1PUtGkLNzyZ0Q==",
      "dependencies": {
        "@rdfjs/types": "*"
      }
    },
    "node_modules/react-is": {
      "version": "17.0.2",
      "resolved": "https://registry.npmjs.org/react-is/-/react-is-17.0.2.tgz",
      "integrity": "sha512-w2GsyukL62IJnlaff/nRegPQR94C/XXamvMWmSHRJ4y7Ts/4ocGRmTHvOs8PSE6pB3dWOrD/nueuU5sduBsQ4w=="
    },
    "node_modules/readable-stream": {
      "version": "4.4.2",
      "resolved": "https://registry.npmjs.org/readable-stream/-/readable-stream-4.4.2.tgz",
      "integrity": "sha512-Lk/fICSyIhodxy1IDK2HazkeGjSmezAWX2egdtJnYhtzKEsBPJowlI6F6LPb5tqIQILrMbx22S5o3GuJavPusA==",
      "dependencies": {
        "abort-controller": "^3.0.0",
        "buffer": "^6.0.3",
        "events": "^3.3.0",
        "process": "^0.11.10",
        "string_decoder": "^1.3.0"
      },
      "engines": {
        "node": "^12.22.0 || ^14.17.0 || >=16.0.0"
      }
    },
    "node_modules/regenerator-runtime": {
      "version": "0.14.0",
      "resolved": "https://registry.npmjs.org/regenerator-runtime/-/regenerator-runtime-0.14.0.tgz",
      "integrity": "sha512-srw17NI0TUWHuGa5CFGGmhfNIeja30WMBfbslPNhf6JrqQlLN5gcrvig1oqPxiVaXb0oW0XRKtH6Nngs5lKCIA=="
    },
    "node_modules/safe-buffer": {
      "version": "5.2.1",
      "resolved": "https://registry.npmjs.org/safe-buffer/-/safe-buffer-5.2.1.tgz",
      "integrity": "sha512-rp3So07KcdmmKbGvgaNxQSJr7bGVSVk5S9Eq1F+ppbRo70+YeaDxkw5Dd8NPN+GD6bjnYm2VuPuCXmpuYvmCXQ==",
      "funding": [
        {
          "type": "github",
          "url": "https://github.com/sponsors/feross"
        },
        {
          "type": "patreon",
          "url": "https://www.patreon.com/feross"
        },
        {
          "type": "consulting",
          "url": "https://feross.org/support"
        }
      ]
    },
    "node_modules/setimmediate": {
      "version": "1.0.5",
      "resolved": "https://registry.npmjs.org/setimmediate/-/setimmediate-1.0.5.tgz",
      "integrity": "sha512-MATJdZp8sLqDl/68LfQmbP8zKPLQNV6BIZoIgrscFDQ+RsvK/BxeDQOgyxKKoh0y/8h3BqVFnCqQ/gd+reiIXA=="
    },
    "node_modules/soukai": {
      "version": "0.5.1-next.6ceeddd517fac8fd180856fb3867cc33c1fa1b0b",
      "resolved": "https://registry.npmjs.org/soukai/-/soukai-0.5.1-next.6ceeddd517fac8fd180856fb3867cc33c1fa1b0b.tgz",
      "integrity": "sha512-W0D9M3H3W4p+0aD+ff0whAD2wf2zAV8rvz/bdSoij11dQe1ZP1ei7Mz9GSmDytXH2ay8LKjlGwHtJs5TbuKltw==",
      "dependencies": {
        "@babel/runtime": "^7.12.18",
        "@noeldemartin/utils": "^0.4.0",
        "@types/webpack-env": "^1.13.6",
        "core-js": "^3.9.0",
        "idb": "^5.0.2"
      },
      "engines": {
        "node": ">=14.x"
      }
    },
    "node_modules/soukai-solid": {
      "version": "0.5.1-next.17ce9fccdbfa3d99bd1718e9aaf169cea189ee8a",
      "resolved": "https://registry.npmjs.org/soukai-solid/-/soukai-solid-0.5.1-next.17ce9fccdbfa3d99bd1718e9aaf169cea189ee8a.tgz",
      "integrity": "sha512-BCmZf3lTJ+Rd4/TvQ5kJi/zF/+2UrKf/LPJYYmbjoWE9KygngAU8AX1m+gP+VGRaLeIXEoZBq4Mz9u2oKShd6Q==",
      "dependencies": {
        "@babel/runtime": "^7.13.8",
        "@noeldemartin/solid-utils": "^0.3.0",
        "@noeldemartin/utils": "^0.4.0",
        "core-js": "^3.9.0"
      },
      "engines": {
        "node": ">=12.x"
      },
      "peerDependencies": {
        "soukai": "*"
      }
    },
    "node_modules/string_decoder": {
      "version": "1.3.0",
      "resolved": "https://registry.npmjs.org/string_decoder/-/string_decoder-1.3.0.tgz",
      "integrity": "sha512-hkRX8U1WjJFd8LsDJ2yQ/wWWxaopEsABU1XfkM8A+j0+85JAGppt16cr1Whg6KIbb4okU6Mql6BOj+uup/wKeA==",
      "dependencies": {
        "safe-buffer": "~5.2.0"
      }
    },
    "node_modules/supports-color": {
      "version": "7.2.0",
      "resolved": "https://registry.npmjs.org/supports-color/-/supports-color-7.2.0.tgz",
      "integrity": "sha512-qpCAvRl9stuOHveKsn7HncJRvv501qIacKzQlO/+Lwxc9+0q2wLyv4Dfvt80/DPn2pqOBsJdDiogXGR9+OvwRw==",
      "dependencies": {
        "has-flag": "^4.0.0"
      },
      "engines": {
        "node": ">=8"
      }
    },
    "node_modules/typescript": {
      "version": "4.9.5",
      "resolved": "https://registry.npmjs.org/typescript/-/typescript-4.9.5.tgz",
      "integrity": "sha512-1FXk9E2Hm+QzZQ7z+McJiHL4NW1F2EzMu9Nq9i3zAaGqibafqYwCVU6WyWAuyQRRzOlxou8xZSyXLEN8oKj24g==",
      "dev": true,
      "bin": {
        "tsc": "bin/tsc",
        "tsserver": "bin/tsserver"
      },
      "engines": {
        "node": ">=4.2.0"
      }
    },
    "node_modules/undici-types": {
      "version": "5.26.5",
      "resolved": "https://registry.npmjs.org/undici-types/-/undici-types-5.26.5.tgz",
      "integrity": "sha512-JlCMO+ehdEIKqlFxk6IfVoAUVmgz7cU7zD/h9XZ0qzeosSHmUJVOzSQvvYSYWXkFXC+IfLKSIffhv0sVZup6pA=="
    },
    "node_modules/uuid": {
      "version": "9.0.1",
      "resolved": "https://registry.npmjs.org/uuid/-/uuid-9.0.1.tgz",
      "integrity": "sha512-b+1eJOlsR9K8HJpow9Ok3fiWOWSIcIzXodvv0rQjVoOVNpWMpxf1wZNpt4y9h10odCNrqnYp1OBzRktckBe3sA==",
      "funding": [
        "https://github.com/sponsors/broofa",
        "https://github.com/sponsors/ctavan"
      ],
      "bin": {
        "uuid": "dist/bin/uuid"
      }
    },
    "node_modules/yallist": {
      "version": "4.0.0",
      "resolved": "https://registry.npmjs.org/yallist/-/yallist-4.0.0.tgz",
      "integrity": "sha512-3wdGidZyq5PB084XLES5TpOSRA3wjXAlIWMhum2kRcv/41Sn2emQ0dycQW4uZXLejwKvg6EsvbdlVL+FYEct7A=="
    }
  }
}
